
Microsoft Visual Studio Solution File, Format Version 12.00
# Visual Studio Version 17
VisualStudioVersion = 17.1.31911.260
MinimumVisualStudioVersion = 10.0.40219.1
Project("{9A19103F-16F7-4668-BE54-9A1E7A4F7556}") = "InductiveVariadics.Sample", "InductiveVariadics.Sample\InductiveVariadics.Sample.csproj", "{00AF75F9-9C8C-45C6-9A59-A9F387859AE8}"
EndProject
Project("{9A19103F-16F7-4668-BE54-9A1E7A4F7556}") = "InductiveVariadics.SourceGenerator", "InductiveVariadics.SourceGenerator\InductiveVariadics.SourceGenerator.csproj", "{7C96F995-8F2A-4109-8CF4-90ADDC558C77}"
EndProject
Project("{FAE04EC0-301F-11D3-BF4B-00C04F79EFBC}") = "InductiveVariadics.Attributes", "InductiveVariadics.Attributes\InductiveVariadics.Attributes.csproj", "{CC063976-1566-4FF8-AE71-90A083EE4E8B}"
EndProject
Project("{FAE04EC0-301F-11D3-BF4B-00C04F79EFBC}") = "CSharpBenchmark", "CSharpBenchmark\CSharpBenchmark.csproj", "{5B31455C-D6C2-4B22-9924-045875B14AB6}"
EndProject
Project("{F2A71F9B-5D33-465A-A702-920D77279786}") = "FSharpBenchmark", "FSharpBenchmark\FSharpBenchmark.fsproj", "{F9EF0946-0AD2-4CEB-B135-4D7F2FB0936A}"
EndProject
Global
	GlobalSection(SolutionConfigurationPlatforms) = preSolution
		Debug|Any CPU = Debug|Any CPU
		Release|Any CPU = Release|Any CPU
	EndGlobalSection
	GlobalSection(ProjectConfigurationPlatforms) = postSolution
		{00AF75F9-9C8C-45C6-9A59-A9F387859AE8}.Debug|Any CPU.ActiveCfg = Debug|Any CPU
		{00AF75F9-9C8C-45C6-9A59-A9F387859AE8}.Debug|Any CPU.Build.0 = Debug|Any CPU
		{00AF75F9-9C8C-45C6-9A59-A9F387859AE8}.Release|Any CPU.ActiveCfg = Release|Any CPU
		{00AF75F9-9C8C-45C6-9A59-A9F387859AE8}.Release|Any CPU.Build.0 = Release|Any CPU
		{7C96F995-8F2A-4109-8CF4-90ADDC558C77}.Debug|Any CPU.ActiveCfg = Debug|Any CPU
		{7C96F995-8F2A-4109-8CF4-90ADDC558C77}.Debug|Any CPU.Build.0 = Debug|Any CPU
		{7C96F995-8F2A-4109-8CF4-90ADDC558C77}.Release|Any CPU.ActiveCfg = Release|Any CPU
		{7C96F995-8F2A-4109-8CF4-90ADDC558C77}.Release|Any CPU.Build.0 = Release|Any CPU
		{CC063976-1566-4FF8-AE71-90A083EE4E8B}.Debug|Any CPU.ActiveCfg = Debug|Any CPU
		{CC063976-1566-4FF8-AE71-90A083EE4E8B}.Debug|Any CPU.Build.0 = Debug|Any CPU
		{CC063976-1566-4FF8-AE71-90A083EE4E8B}.Release|Any CPU.ActiveCfg = Release|Any CPU
		{CC063976-1566-4FF8-AE71-90A083EE4E8B}.Release|Any CPU.Build.0 = Release|Any CPU
		{5B31455C-D6C2-4B22-9924-045875B14AB6}.Debug|Any CPU.ActiveCfg = Debug|Any CPU
		{5B31455C-D6C2-4B22-9924-045875B14AB6}.Debug|Any CPU.Build.0 = Debug|Any CPU
		{5B31455C-D6C2-4B22-9924-045875B14AB6}.Release|Any CPU.ActiveCfg = Release|Any CPU
		{5B31455C-D6C2-4B22-9924-045875B14AB6}.Release|Any CPU.Build.0 = Release|Any CPU
		{F9EF0946-0AD2-4CEB-B135-4D7F2FB0936A}.Debug|Any CPU.ActiveCfg = Debug|Any CPU
		{F9EF0946-0AD2-4CEB-B135-4D7F2FB0936A}.Debug|Any CPU.Build.0 = Debug|Any CPU
		{F9EF0946-0AD2-4CEB-B135-4D7F2FB0936A}.Release|Any CPU.ActiveCfg = Release|Any CPU
		{F9EF0946-0AD2-4CEB-B135-4D7F2FB0936A}.Release|Any CPU.Build.0 = Release|Any CPU
	EndGlobalSection
	GlobalSection(SolutionProperties) = preSolution
		HideSolutionNode = FALSE
	EndGlobalSection
	GlobalSection(ExtensibilityGlobals) = postSolution
		SolutionGuid = {1E018473-FD21-459E-ABA0-736430092966}
	EndGlobalSection
EndGlobal
